
Microsoft Visual Studio Solution File, Format Version 12.00
# Visual Studio 16
Project("{FAE04EC0-301F-11D3-BF4B-00C04F79EFBC}") = "Assembly-CSharp", "Assembly-CSharp.csproj", "{5C547247-BFD4-540C-4CE7-791BB85564B8}"
EndProject
Project("{FAE04EC0-301F-11D3-BF4B-00C04F79EFBC}") = "Assembly-CSharp-Editor", "Assembly-CSharp-Editor.csproj", "{DCF95E77-CAC5-DD70-C944-3C589AFE8A27}"
EndProject
Global
	GlobalSection(SolutionConfigurationPlatforms) = preSolution
		Debug|Any CPU = Debug|Any CPU
		Release|Any CPU = Release|Any CPU
	EndGlobalSection
	GlobalSection(ProjectConfigurationPlatforms) = postSolution
		{5C547247-BFD4-540C-4CE7-791BB85564B8}.Debug|Any CPU.ActiveCfg = Debug|Any CPU
		{5C547247-BFD4-540C-4CE7-791BB85564B8}.Debug|Any CPU.Build.0 = Debug|Any CPU
		{5C547247-BFD4-540C-4CE7-791BB85564B8}.Release|Any CPU.ActiveCfg = Release|Any CPU
		{5C547247-BFD4-540C-4CE7-791BB85564B8}.Release|Any CPU.Build.0 = Release|Any CPU
		{DCF95E77-CAC5-DD70-C944-3C589AFE8A27}.Debug|Any CPU.ActiveCfg = Debug|Any CPU
		{DCF95E77-CAC5-DD70-C944-3C589AFE8A27}.Debug|Any CPU.Build.0 = Debug|Any CPU
		{DCF95E77-CAC5-DD70-C944-3C589AFE8A27}.Release|Any CPU.ActiveCfg = Release|Any CPU
		{DCF95E77-CAC5-DD70-C944-3C589AFE8A27}.Release|Any CPU.Build.0 = Release|Any CPU
	EndGlobalSection
	GlobalSection(SolutionProperties) = preSolution
		HideSolutionNode = FALSE
	EndGlobalSection
EndGlobal
